
Microsoft Visual Studio Solution File, Format Version 12.00
# Visual Studio Version 16
VisualStudioVersion = 16.0.30717.126
MinimumVisualStudioVersion = 10.0.40219.1
Project("{9A19103F-16F7-4668-BE54-9A1E7A4F7556}") = "Assessment.Web", "Assessment.Web\Assessment.Web.csproj", "{6BC10112-678C-4047-A956-05B56227D31A}"
EndProject
Project("{FAE04EC0-301F-11D3-BF4B-00C04F79EFBC}") = "Assessment.Data", "Assessment.Data\Assessment.Data.csproj", "{4AA12A1F-E5B2-4D57-9E08-82506FE1283F}"
EndProject
Project("{FAE04EC0-301F-11D3-BF4B-00C04F79EFBC}") = "Assessment.Services", "Assessment.Services\Assessment.Services.csproj", "{509264CC-8562-4F13-8943-98DFC159407C}"
EndProject
Global
	GlobalSection(SolutionConfigurationPlatforms) = preSolution
		Debug|Any CPU = Debug|Any CPU
		Release|Any CPU = Release|Any CPU
	EndGlobalSection
	GlobalSection(ProjectConfigurationPlatforms) = postSolution
		{6BC10112-678C-4047-A956-05B56227D31A}.Debug|Any CPU.ActiveCfg = Debug|Any CPU
		{6BC10112-678C-4047-A956-05B56227D31A}.Debug|Any CPU.Build.0 = Debug|Any CPU
		{6BC10112-678C-4047-A956-05B56227D31A}.Release|Any CPU.ActiveCfg = Release|Any CPU
		{6BC10112-678C-4047-A956-05B56227D31A}.Release|Any CPU.Build.0 = Release|Any CPU
		{4AA12A1F-E5B2-4D57-9E08-82506FE1283F}.Debug|Any CPU.ActiveCfg = Debug|Any CPU
		{4AA12A1F-E5B2-4D57-9E08-82506FE1283F}.Debug|Any CPU.Build.0 = Debug|Any CPU
		{4AA12A1F-E5B2-4D57-9E08-82506FE1283F}.Release|Any CPU.ActiveCfg = Release|Any CPU
		{4AA12A1F-E5B2-4D57-9E08-82506FE1283F}.Release|Any CPU.Build.0 = Release|Any CPU
		{509264CC-8562-4F13-8943-98DFC159407C}.Debug|Any CPU.ActiveCfg = Debug|Any CPU
		{509264CC-8562-4F13-8943-98DFC159407C}.Debug|Any CPU.Build.0 = Debug|Any CPU
		{509264CC-8562-4F13-8943-98DFC159407C}.Release|Any CPU.ActiveCfg = Release|Any CPU
		{509264CC-8562-4F13-8943-98DFC159407C}.Release|Any CPU.Build.0 = Release|Any CPU
	EndGlobalSection
	GlobalSection(SolutionProperties) = preSolution
		HideSolutionNode = FALSE
	EndGlobalSection
	GlobalSection(ExtensibilityGlobals) = postSolution
		SolutionGuid = {2821C3BC-778D-46BB-AEF1-A9040FDCD6B0}
	EndGlobalSection
EndGlobal
